
Microsoft Visual Studio Solution File, Format Version 12.00
# Visual Studio 15
VisualStudioVersion = 15.0.28307.645
MinimumVisualStudioVersion = 10.0.40219.1
Project("{8BC9CEB8-8B4A-11D0-8D11-00A0C91BC942}") = "Sum", "Sum\Sum.vcxproj", "{5A733D3D-AAB9-402D-A7DD-0F51B3F44776}"
EndProject
Project("{8BC9CEB8-8B4A-11D0-8D11-00A0C91BC942}") = "Constructor", "Constructor\Constructor.vcxproj", "{D4238D82-B781-4061-BD3E-C546CA346649}"
EndProject
Project("{8BC9CEB8-8B4A-11D0-8D11-00A0C91BC942}") = "Hansu", "Hansu\Hansu.vcxproj", "{B4D39D8B-C17C-4504-B0B7-F60C3667BD6F}"
EndProject
Global
	GlobalSection(SolutionConfigurationPlatforms) = preSolution
		Debug|x64 = Debug|x64
		Debug|x86 = Debug|x86
		Release|x64 = Release|x64
		Release|x86 = Release|x86
	EndGlobalSection
	GlobalSection(ProjectConfigurationPlatforms) = postSolution
		{5A733D3D-AAB9-402D-A7DD-0F51B3F44776}.Debug|x64.ActiveCfg = Debug|x64
		{5A733D3D-AAB9-402D-A7DD-0F51B3F44776}.Debug|x64.Build.0 = Debug|x64
		{5A733D3D-AAB9-402D-A7DD-0F51B3F44776}.Debug|x86.ActiveCfg = Debug|Win32
		{5A733D3D-AAB9-402D-A7DD-0F51B3F44776}.Debug|x86.Build.0 = Debug|Win32
		{5A733D3D-AAB9-402D-A7DD-0F51B3F44776}.Release|x64.ActiveCfg = Release|x64
		{5A733D3D-AAB9-402D-A7DD-0F51B3F44776}.Release|x64.Build.0 = Release|x64
		{5A733D3D-AAB9-402D-A7DD-0F51B3F44776}.Release|x86.ActiveCfg = Release|Win32
		{5A733D3D-AAB9-402D-A7DD-0F51B3F44776}.Release|x86.Build.0 = Release|Win32
		{D4238D82-B781-4061-BD3E-C546CA346649}.Debug|x64.ActiveCfg = Debug|x64
		{D4238D82-B781-4061-BD3E-C546CA346649}.Debug|x64.Build.0 = Debug|x64
		{D4238D82-B781-4061-BD3E-C546CA346649}.Debug|x86.ActiveCfg = Debug|Win32
		{D4238D82-B781-4061-BD3E-C546CA346649}.Debug|x86.Build.0 = Debug|Win32
		{D4238D82-B781-4061-BD3E-C546CA346649}.Release|x64.ActiveCfg = Release|x64
		{D4238D82-B781-4061-BD3E-C546CA346649}.Release|x64.Build.0 = Release|x64
		{D4238D82-B781-4061-BD3E-C546CA346649}.Release|x86.ActiveCfg = Release|Win32
		{D4238D82-B781-4061-BD3E-C546CA346649}.Release|x86.Build.0 = Release|Win32
		{B4D39D8B-C17C-4504-B0B7-F60C3667BD6F}.Debug|x64.ActiveCfg = Debug|x64
		{B4D39D8B-C17C-4504-B0B7-F60C3667BD6F}.Debug|x64.Build.0 = Debug|x64
		{B4D39D8B-C17C-4504-B0B7-F60C3667BD6F}.Debug|x86.ActiveCfg = Debug|Win32
		{B4D39D8B-C17C-4504-B0B7-F60C3667BD6F}.Debug|x86.Build.0 = Debug|Win32
		{B4D39D8B-C17C-4504-B0B7-F60C3667BD6F}.Release|x64.ActiveCfg = Release|x64
		{B4D39D8B-C17C-4504-B0B7-F60C3667BD6F}.Release|x64.Build.0 = Release|x64
		{B4D39D8B-C17C-4504-B0B7-F60C3667BD6F}.Release|x86.ActiveCfg = Release|Win32
		{B4D39D8B-C17C-4504-B0B7-F60C3667BD6F}.Release|x86.Build.0 = Release|Win32
	EndGlobalSection
	GlobalSection(SolutionProperties) = preSolution
		HideSolutionNode = FALSE
	EndGlobalSection
	GlobalSection(ExtensibilityGlobals) = postSolution
		SolutionGuid = {B6675B68-CCE7-4D4A-BA15-A63E92C639CC}
	EndGlobalSection
EndGlobal
